
Microsoft Visual Studio Solution File, Format Version 12.00
# Visual Studio 15
VisualStudioVersion = 15.0.27428.2015
MinimumVisualStudioVersion = 10.0.40219.1
Project("{9A19103F-16F7-4668-BE54-9A1E7A4F7556}") = "ToDoApp", "ToDoApp.csproj", "{0B6DD5D8-57CC-4AB9-9BA5-958A074CA6CC}"
EndProject
Global
	GlobalSection(SolutionConfigurationPlatforms) = preSolution
		Debug|Any CPU = Debug|Any CPU
		Release|Any CPU = Release|Any CPU
	EndGlobalSection
	GlobalSection(ProjectConfigurationPlatforms) = postSolution
		{0B6DD5D8-57CC-4AB9-9BA5-958A074CA6CC}.Debug|Any CPU.ActiveCfg = Debug|Any CPU
		{0B6DD5D8-57CC-4AB9-9BA5-958A074CA6CC}.Debug|Any CPU.Build.0 = Debug|Any CPU
		{0B6DD5D8-57CC-4AB9-9BA5-958A074CA6CC}.Release|Any CPU.ActiveCfg = Release|Any CPU
		{0B6DD5D8-57CC-4AB9-9BA5-958A074CA6CC}.Release|Any CPU.Build.0 = Release|Any CPU
	EndGlobalSection
	GlobalSection(SolutionProperties) = preSolution
		HideSolutionNode = FALSE
	EndGlobalSection
	GlobalSection(ExtensibilityGlobals) = postSolution
		SolutionGuid = {83EF8097-0179-4410-863D-3E2451D96DA0}
	EndGlobalSection
EndGlobal
